
Microsoft Visual Studio Solution File, Format Version 12.00
# Visual Studio Version 17
VisualStudioVersion = 17.0.31903.59
MinimumVisualStudioVersion = 10.0.40219.1
Project("{FAE04EC0-301F-11D3-BF4B-00C04F79EFBC}") = "SSProfilingApp.API", "SSProfilingApp.API\SSProfilingApp.API.csproj", "{61ADE14E-A03D-492E-AD79-1A81EA7A61C1}"
EndProject
Project("{FAE04EC0-301F-11D3-BF4B-00C04F79EFBC}") = "SSProfilingApp.Application", "SSProfilingApp.Application\SSProfilingApp.Application.csproj", "{104FF606-31D7-4401-A8D0-0F9FB05D968D}"
EndProject
Project("{FAE04EC0-301F-11D3-BF4B-00C04F79EFBC}") = "SSProfilingApp.Domain", "SSProfilingApp.Domain\SSProfilingApp.Domain.csproj", "{508B50AE-E0E5-47A7-9AD4-D4F547427D70}"
EndProject
Project("{FAE04EC0-301F-11D3-BF4B-00C04F79EFBC}") = "SSProfilingApp.Infrastructure", "SSProfilingApp.Infrastructure\SSProfilingApp.Infrastructure.csproj", "{FF67130C-C1CB-49FF-9626-FF45DFF67DE6}"
EndProject
Global
	GlobalSection(SolutionConfigurationPlatforms) = preSolution
		Debug|Any CPU = Debug|Any CPU
		Release|Any CPU = Release|Any CPU
	EndGlobalSection
	GlobalSection(SolutionProperties) = preSolution
		HideSolutionNode = FALSE
	EndGlobalSection
	GlobalSection(ProjectConfigurationPlatforms) = postSolution
		{61ADE14E-A03D-492E-AD79-1A81EA7A61C1}.Debug|Any CPU.ActiveCfg = Debug|Any CPU
		{61ADE14E-A03D-492E-AD79-1A81EA7A61C1}.Debug|Any CPU.Build.0 = Debug|Any CPU
		{61ADE14E-A03D-492E-AD79-1A81EA7A61C1}.Release|Any CPU.ActiveCfg = Release|Any CPU
		{61ADE14E-A03D-492E-AD79-1A81EA7A61C1}.Release|Any CPU.Build.0 = Release|Any CPU
		{104FF606-31D7-4401-A8D0-0F9FB05D968D}.Debug|Any CPU.ActiveCfg = Debug|Any CPU
		{104FF606-31D7-4401-A8D0-0F9FB05D968D}.Debug|Any CPU.Build.0 = Debug|Any CPU
		{104FF606-31D7-4401-A8D0-0F9FB05D968D}.Release|Any CPU.ActiveCfg = Release|Any CPU
		{104FF606-31D7-4401-A8D0-0F9FB05D968D}.Release|Any CPU.Build.0 = Release|Any CPU
		{508B50AE-E0E5-47A7-9AD4-D4F547427D70}.Debug|Any CPU.ActiveCfg = Debug|Any CPU
		{508B50AE-E0E5-47A7-9AD4-D4F547427D70}.Debug|Any CPU.Build.0 = Debug|Any CPU
		{508B50AE-E0E5-47A7-9AD4-D4F547427D70}.Release|Any CPU.ActiveCfg = Release|Any CPU
		{508B50AE-E0E5-47A7-9AD4-D4F547427D70}.Release|Any CPU.Build.0 = Release|Any CPU
		{FF67130C-C1CB-49FF-9626-FF45DFF67DE6}.Debug|Any CPU.ActiveCfg = Debug|Any CPU
		{FF67130C-C1CB-49FF-9626-FF45DFF67DE6}.Debug|Any CPU.Build.0 = Debug|Any CPU
		{FF67130C-C1CB-49FF-9626-FF45DFF67DE6}.Release|Any CPU.ActiveCfg = Release|Any CPU
		{FF67130C-C1CB-49FF-9626-FF45DFF67DE6}.Release|Any CPU.Build.0 = Release|Any CPU
	EndGlobalSection
EndGlobal
